
Microsoft Visual Studio Solution File, Format Version 12.00
# Visual Studio Version 17
VisualStudioVersion = 17.4.33122.133
MinimumVisualStudioVersion = 10.0.40219.1
Project("{FAE04EC0-301F-11D3-BF4B-00C04F79EFBC}") = "MvcMovie", "MvcMovie\MvcMovie.csproj", "{FA0B2988-A1EC-4B27-8890-AA15F4967B94}"
EndProject
Global
	GlobalSection(SolutionConfigurationPlatforms) = preSolution
		Debug|Any CPU = Debug|Any CPU
		Release|Any CPU = Release|Any CPU
	EndGlobalSection
	GlobalSection(ProjectConfigurationPlatforms) = postSolution
		{FA0B2988-A1EC-4B27-8890-AA15F4967B94}.Debug|Any CPU.ActiveCfg = Debug|Any CPU
		{FA0B2988-A1EC-4B27-8890-AA15F4967B94}.Debug|Any CPU.Build.0 = Debug|Any CPU
		{FA0B2988-A1EC-4B27-8890-AA15F4967B94}.Release|Any CPU.ActiveCfg = Release|Any CPU
		{FA0B2988-A1EC-4B27-8890-AA15F4967B94}.Release|Any CPU.Build.0 = Release|Any CPU
	EndGlobalSection
	GlobalSection(SolutionProperties) = preSolution
		HideSolutionNode = FALSE
	EndGlobalSection
	GlobalSection(ExtensibilityGlobals) = postSolution
		SolutionGuid = {B60E60BE-6801-4350-87A9-BADFAD10C24B}
	EndGlobalSection
EndGlobal
